{
  "requires": true,
  "lockfileVersion": 1,
  "dependencies": {
    "qrcode-generator": {
      "version": "1.4.3",
      "resolved": "https://registry.npmjs.org/qrcode-generator/-/qrcode-generator-1.4.3.tgz",
      "integrity": "sha512-++rVRvMRq5BlHfmAafl8a4ppUntzUxCCUTT2t0siUgqKwdnqRzY8IH6f6WSX5dZUhD2Ul5/MIKuTJddflwrGzw=="
    }
  }
}
